{
  "name": "ipmps-site",
  "lockfileVersion": 3,
  "requires": true,
  "packages": {
    "": {
      "dependencies": {
        "@activeadmin-plugins/active_admin_datetimepicker": "^1.0.0"
      }
    },
    "node_modules/@activeadmin-plugins/active_admin_datetimepicker": {
      "version": "1.0.0",
      "resolved": "https://registry.npmjs.org/@activeadmin-plugins/active_admin_datetimepicker/-/active_admin_datetimepicker-1.0.0.tgz",
      "integrity": "sha512-saHbPD31YMpK6GlWw3VP7k07tDG9VByBZiA7InBFlbekNacz8xTN/MUFGgtDkrkgy9Wo2KbmVKVE0dcS34ozlg==",
      "license": "MIT",
      "dependencies": {
        "jquery-mousewheel": ">= 3.1.13"
      }
    },
    "node_modules/jquery": {
      "version": "4.0.0",
      "resolved": "https://registry.npmjs.org/jquery/-/jquery-4.0.0.tgz",
      "integrity": "sha512-TXCHVR3Lb6TZdtw1l3RTLf8RBWVGexdxL6AC8/e0xZKEpBflBsjh9/8LXw+dkNFuOyW9B7iB3O1sP7hS0Kiacg==",
      "license": "MIT"
    },
    "node_modules/jquery-mousewheel": {
      "version": "3.2.2",
      "resolved": "https://registry.npmjs.org/jquery-mousewheel/-/jquery-mousewheel-3.2.2.tgz",
      "integrity": "sha512-JP71xTAg08ZY3hcs9ZbYUZ5i+dkSsz4yRl/zpWkAmtzc+kMs5EfPkpkINSidiLYMaR0MTo3DfFGF9WIezMsFQQ==",
      "license": "MIT",
      "dependencies": {
        "jquery": ">=1.2.6"
      }
    }
  }
}
